<?xml version="1.0" encoding="utf-8"?>
<Project ToolsVersion="4.0" xmlns="http://schemas.microsoft.com/developer/msbuild/2003">
  <ItemGroup>
    <Filter Include="源文件">
      <UniqueIdentifier>{4FC737F1-C7A5-4376-A066-2A32D752A2FF}</UniqueIdentifier>
      <Extensions>cpp;c;cc;cxx;def;odl;idl;hpj;bat;asm;asmx</Extensions>
    </Filter>
    <Filter Include="头文件">
      <UniqueIdentifier>{93995380-89BD-4b04-88EB-625FBE52EBFB}</UniqueIdentifier>
      <Extensions>h;hpp;hxx;hm;inl;inc;xsd</Extensions>
    </Filter>
    <Filter Include="资源文件">
      <UniqueIdentifier>{67DA6AB6-F800-4c08-8B7A-83BB121AAD01}</UniqueIdentifier>
      <Extensions>rc;ico;cur;bmp;dlg;rc2;rct;bin;rgs;gif;jpg;jpeg;jpe;resx;tiff;tif;png;wav;mfcribbon-ms</Extensions>
    </Filter>
    <Filter Include="外部库封装">
      <UniqueIdentifier>{ce0abf36-fb70-4b24-8a5d-5b8b2cad818d}</UniqueIdentifier>
    </Filter>
    <Filter Include="测试">
      <UniqueIdentifier>{6b8c3c55-0816-4628-b4e8-0fc61c3aa485}</UniqueIdentifier>
    </Filter>
    <Filter Include="框架">
      <UniqueIdentifier>{6c75d9f2-31ce-4ee7-86e2-25dc949198c8}</UniqueIdentifier>
    </Filter>
    <Filter Include="工程">
      <UniqueIdentifier>{2bc0c5df-3ac8-41d3-a96a-b1791e69d436}</UniqueIdentifier>
    </Filter>
    <Filter Include="运行">
      <UniqueIdentifier>{a8d1b996-6d3b-432c-afa3-617aaaa25756}</UniqueIdentifier>
    </Filter>
    <Filter Include="数据">
      <UniqueIdentifier>{31ab86d1-d5ac-4cd7-a785-56c9be7d4143}</UniqueIdentifier>
    </Filter>
    <Filter Include="测试\工程测试">
      <UniqueIdentifier>{762126a6-f193-4721-b1f9-065f201251cb}</UniqueIdentifier>
    </Filter>
    <Filter Include="测试\框架测试">
      <UniqueIdentifier>{e68c7aa9-f1c2-4fd5-83b8-d10a5110e71d}</UniqueIdentifier>
    </Filter>
  </ItemGroup>
  <ItemGroup>
    <None Include="ReadMe.txt" />
    <None Include="res\DrawTool.rc2">
      <Filter>资源文件</Filter>
    </None>
    <None Include="res\DrawTool.ico">
      <Filter>资源文件</Filter>
    </None>
    <None Include="ClassDiagram11.cd" />
  </ItemGroup>
  <ItemGroup>
    <ClInclude Include="targetver.h">
      <Filter>源文件</Filter>
    </ClInclude>
    <ClInclude Include="Resource.h">
      <Filter>源文件</Filter>
    </ClInclude>
    <ClInclude Include="stdafx.h">
      <Filter>源文件</Filter>
    </ClInclude>
    <ClInclude Include="TestDrawTools.h">
      <Filter>测试\框架测试</Filter>
    </ClInclude>
    <ClInclude Include="TestDrawLine.h">
      <Filter>测试\框架测试</Filter>
    </ClInclude>
    <ClInclude Include="TestDrawItem.h">
      <Filter>测试\框架测试</Filter>
    </ClInclude>
    <ClInclude Include="TestDrawItemManagement.h">
      <Filter>测试\框架测试</Filter>
    </ClInclude>
    <ClInclude Include="DrawTools.h">
      <Filter>框架</Filter>
    </ClInclude>
    <ClInclude Include="DrawItem.h">
      <Filter>框架</Filter>
    </ClInclude>
    <ClInclude Include="DrawLine.h">
      <Filter>框架</Filter>
    </ClInclude>
    <ClInclude Include="DrawToolDlg.h">
      <Filter>运行</Filter>
    </ClInclude>
    <ClInclude Include="DrawTool.h">
      <Filter>运行</Filter>
    </ClInclude>
    <ClInclude Include="DrawItemStrategy.h">
      <Filter>框架</Filter>
    </ClInclude>
    <ClInclude Include="DrawItemManagement.h">
      <Filter>框架</Filter>
    </ClInclude>
    <ClInclude Include="DrawFrameHeader.h">
      <Filter>框架</Filter>
    </ClInclude>
    <ClInclude Include="SmallPanelDrawItem.h">
      <Filter>工程</Filter>
    </ClInclude>
    <ClInclude Include="TestBase.h">
      <Filter>测试</Filter>
    </ClInclude>
    <ClInclude Include="TestSmallPanel.h">
      <Filter>测试\工程测试</Filter>
    </ClInclude>
  </ItemGroup>
  <ItemGroup>
    <ClCompile Include="stdafx.cpp">
      <Filter>源文件</Filter>
    </ClCompile>
    <ClCompile Include="TestDrawTools.cpp">
      <Filter>测试\框架测试</Filter>
    </ClCompile>
    <ClCompile Include="TestDrawLine.cpp">
      <Filter>测试\框架测试</Filter>
    </ClCompile>
    <ClCompile Include="TestDrawItemManagement.cpp">
      <Filter>测试\框架测试</Filter>
    </ClCompile>
    <ClCompile Include="TestDrawItem.cpp">
      <Filter>测试\框架测试</Filter>
    </ClCompile>
    <ClCompile Include="DrawItem.cpp">
      <Filter>框架</Filter>
    </ClCompile>
    <ClCompile Include="DrawLine.cpp">
      <Filter>框架</Filter>
    </ClCompile>
    <ClCompile Include="DrawTools.cpp">
      <Filter>框架</Filter>
    </ClCompile>
    <ClCompile Include="DrawTool.cpp">
      <Filter>运行</Filter>
    </ClCompile>
    <ClCompile Include="DrawToolDlg.cpp">
      <Filter>运行</Filter>
    </ClCompile>
    <ClCompile Include="DrawItemStrategy.cpp">
      <Filter>框架</Filter>
    </ClCompile>
    <ClCompile Include="DrawItemManagement.cpp">
      <Filter>框架</Filter>
    </ClCompile>
    <ClCompile Include="SmallPanelDrawItem.cpp">
      <Filter>工程</Filter>
    </ClCompile>
    <ClCompile Include="TestBase.cpp">
      <Filter>测试</Filter>
    </ClCompile>
    <ClCompile Include="TestSmallPanel.cpp">
      <Filter>测试\工程测试</Filter>
    </ClCompile>
  </ItemGroup>
  <ItemGroup>
    <ResourceCompile Include="DrawTool.rc">
      <Filter>资源文件</Filter>
    </ResourceCompile>
  </ItemGroup>
</Project>