<?xml version="1.0" encoding="utf-8"?>
<Project ToolsVersion="4.0" xmlns="http://schemas.microsoft.com/developer/msbuild/2003">
  <ItemGroup>
    <Filter Include="源文件">
      <UniqueIdentifier>{4FC737F1-C7A5-4376-A066-2A32D752A2FF}</UniqueIdentifier>
      <Extensions>cpp;c;cc;cxx;def;odl;idl;hpj;bat;asm;asmx</Extensions>
    </Filter>
    <Filter Include="头文件">
      <UniqueIdentifier>{93995380-89BD-4b04-88EB-625FBE52EBFB}</UniqueIdentifier>
      <Extensions>h;hpp;hxx;hm;inl;inc;xsd</Extensions>
    </Filter>
    <Filter Include="资源文件">
      <UniqueIdentifier>{67DA6AB6-F800-4c08-8B7A-83BB121AAD01}</UniqueIdentifier>
      <Extensions>rc;ico;cur;bmp;dlg;rc2;rct;bin;rgs;gif;jpg;jpeg;jpe;resx;tiff;tif;png;wav;mfcribbon-ms</Extensions>
    </Filter>
    <Filter Include="外部库封装">
      <UniqueIdentifier>{ce0abf36-fb70-4b24-8a5d-5b8b2cad818d}</UniqueIdentifier>
    </Filter>
    <Filter Include="运行类">
      <UniqueIdentifier>{72007f81-ce15-4a4b-8a05-3768cfa65522}</UniqueIdentifier>
    </Filter>
    <Filter Include="工程类">
      <UniqueIdentifier>{097c7d82-35ad-4936-b9b4-5b81d32e8e41}</UniqueIdentifier>
    </Filter>
    <Filter Include="测试类">
      <UniqueIdentifier>{d473df97-cee5-4f6a-9cc3-975fffba0547}</UniqueIdentifier>
    </Filter>
    <Filter Include="框架类">
      <UniqueIdentifier>{0140a7ae-0408-4171-baa3-5ec6c2ab5162}</UniqueIdentifier>
    </Filter>
    <Filter Include="测试类\框架测试">
      <UniqueIdentifier>{e68c7aa9-f1c2-4fd5-83b8-d10a5110e71d}</UniqueIdentifier>
    </Filter>
    <Filter Include="测试类\工程测试">
      <UniqueIdentifier>{762126a6-f193-4721-b1f9-065f201251cb}</UniqueIdentifier>
    </Filter>
  </ItemGroup>
  <ItemGroup>
    <None Include="ReadMe.txt" />
    <None Include="res\DrawTool.rc2">
      <Filter>资源文件</Filter>
    </None>
    <None Include="res\DrawTool.ico">
      <Filter>资源文件</Filter>
    </None>
  </ItemGroup>
  <ItemGroup>
    <ClInclude Include="targetver.h">
      <Filter>源文件</Filter>
    </ClInclude>
    <ClInclude Include="Resource.h">
      <Filter>源文件</Filter>
    </ClInclude>
    <ClInclude Include="stdafx.h">
      <Filter>源文件</Filter>
    </ClInclude>
    <ClInclude Include="DrawTool.h">
      <Filter>运行类</Filter>
    </ClInclude>
    <ClInclude Include="DrawToolDlg.h">
      <Filter>运行类</Filter>
    </ClInclude>
    <ClInclude Include="DrawTools.h">
      <Filter>框架类</Filter>
    </ClInclude>
    <ClInclude Include="DrawItem.h">
      <Filter>框架类</Filter>
    </ClInclude>
    <ClInclude Include="DrawItemManagement.h">
      <Filter>框架类</Filter>
    </ClInclude>
    <ClInclude Include="DrawLine.h">
      <Filter>框架类</Filter>
    </ClInclude>
    <ClInclude Include="SmallPanelDrawItem.h">
      <Filter>工程类</Filter>
    </ClInclude>
    <ClInclude Include="TestDrawTools.h">
      <Filter>测试类</Filter>
    </ClInclude>
  </ItemGroup>
  <ItemGroup>
    <ClCompile Include="stdafx.cpp">
      <Filter>源文件</Filter>
    </ClCompile>
    <ClCompile Include="DrawTool.cpp">
      <Filter>运行类</Filter>
    </ClCompile>
    <ClCompile Include="DrawToolDlg.cpp">
      <Filter>运行类</Filter>
    </ClCompile>
    <ClCompile Include="DrawItem.cpp">
      <Filter>框架类</Filter>
    </ClCompile>
    <ClCompile Include="DrawItemManagement.cpp">
      <Filter>框架类</Filter>
    </ClCompile>
    <ClCompile Include="DrawLine.cpp">
      <Filter>框架类</Filter>
    </ClCompile>
    <ClCompile Include="DrawTools.cpp">
      <Filter>框架类</Filter>
    </ClCompile>
    <ClCompile Include="SmallPanelDrawItem.cpp">
      <Filter>工程类</Filter>
    </ClCompile>
    <ClCompile Include="TestDrawTools.cpp">
      <Filter>测试类</Filter>
    </ClCompile>
  </ItemGroup>
  <ItemGroup>
    <ResourceCompile Include="DrawTool.rc">
      <Filter>资源文件</Filter>
    </ResourceCompile>
  </ItemGroup>
</Project>